
Microsoft Visual Studio Solution File, Format Version 12.00
# Visual Studio Version 17
VisualStudioVersion = 17.10.34928.147
MinimumVisualStudioVersion = 10.0.40219.1
Project("{9A19103F-16F7-4668-BE54-9A1E7A4F7556}") = "Micro.RabbitMQ.Banking.Api", "Micro.RabbitMQ.Banking.Api\Micro.RabbitMQ.Banking.Api.csproj", "{FB0A3AD2-1921-4FAE-9F5D-01069F259D83}"
EndProject
Project("{9A19103F-16F7-4668-BE54-9A1E7A4F7556}") = "Micro.RabbitMQ.Banking.Domain", "Micro.RabbitMQ.Banking.Domain\Micro.RabbitMQ.Banking.Domain.csproj", "{61786F2B-93B3-4589-99B6-88E46D11F39F}"
EndProject
Project("{9A19103F-16F7-4668-BE54-9A1E7A4F7556}") = "Micro.RabbitMQ.Banking.Data", "Micro.RabbitMQ.Banking.Data\Micro.RabbitMQ.Banking.Data.csproj", "{A1498E15-C556-4324-A36F-7228CA72DC53}"
EndProject
Project("{2150E333-8FDC-42A3-9474-1A3956D46DE8}") = "Solution Items", "Solution Items", "{FE1EACF9-22B3-43AE-9D66-4DA54003DEBC}"
	ProjectSection(SolutionItems) = preProject
		QUIDE.txt = QUIDE.txt
	EndProjectSection
EndProject
Project("{9A19103F-16F7-4668-BE54-9A1E7A4F7556}") = "Micro.RabbitMQ.Banking.Application", "Micro.RabbitMQ.Banking.Application\Micro.RabbitMQ.Banking.Application.csproj", "{0D81CB59-647E-4805-8772-B24311BFC18C}"
EndProject
Project("{9A19103F-16F7-4668-BE54-9A1E7A4F7556}") = "Micro.RabbitMQ.Infra.IoC", "Micro.RabbitMQ.Infra.IoC\Micro.RabbitMQ.Infra.IoC.csproj", "{9987EAF1-EA13-4D46-8914-97606F022FF9}"
EndProject
Project("{9A19103F-16F7-4668-BE54-9A1E7A4F7556}") = "Micro.RabbitMQ.Domain.Core", "Micro.RabbitMQ.Domain.Core\Micro.RabbitMQ.Domain.Core.csproj", "{AA6830E1-A9C9-4FF2-8DA9-95B1F5E76E02}"
EndProject
Project("{9A19103F-16F7-4668-BE54-9A1E7A4F7556}") = "Micro.RabbitMQ.Infra.Bus", "Micro.RabbitMQ.Infra.Bus\Micro.RabbitMQ.Infra.Bus.csproj", "{C1EB9533-D877-48FE-B74B-8A5F6AA39C27}"
EndProject
Project("{2150E333-8FDC-42A3-9474-1A3956D46DE8}") = "Domain", "Domain", "{07EF7AB3-6714-41B1-84CD-FFAA2EE5A504}"
EndProject
Project("{2150E333-8FDC-42A3-9474-1A3956D46DE8}") = "Infra.Bus", "Infra.Bus", "{1C088972-8F91-4CD5-8FF4-4BBAF0064FC7}"
EndProject
Project("{2150E333-8FDC-42A3-9474-1A3956D46DE8}") = "Infra.IoC", "Infra.IoC", "{2525F7F1-5B1C-4E58-B25A-FDF05AA9BB6E}"
EndProject
Project("{2150E333-8FDC-42A3-9474-1A3956D46DE8}") = "Microservices", "Microservices", "{0829DC91-F15C-469F-B1A0-19C3167B35F5}"
EndProject
Project("{2150E333-8FDC-42A3-9474-1A3956D46DE8}") = "Banking", "Banking", "{9AB6C97C-2873-4611-AF0A-9B370E808229}"
EndProject
Project("{2150E333-8FDC-42A3-9474-1A3956D46DE8}") = "Api", "Api", "{B53DB3AD-5754-483B-8579-148A275AE84B}"
EndProject
Project("{2150E333-8FDC-42A3-9474-1A3956D46DE8}") = "Application", "Application", "{5AF64507-2986-4306-A677-843F994E73D5}"
EndProject
Project("{2150E333-8FDC-42A3-9474-1A3956D46DE8}") = "Data", "Data", "{A28DDBB2-00B5-408B-8A39-2B872FA04ABB}"
EndProject
Project("{2150E333-8FDC-42A3-9474-1A3956D46DE8}") = "Domain", "Domain", "{BFBF4276-08B4-417B-99B5-F2F9841450F0}"
EndProject
Project("{2150E333-8FDC-42A3-9474-1A3956D46DE8}") = "Transfer", "Transfer", "{D99D80F2-427F-4276-A4DC-996D1D037CAA}"
EndProject
Project("{2150E333-8FDC-42A3-9474-1A3956D46DE8}") = "Api", "Api", "{FC20F74B-B791-4A29-8456-6BA811BC6957}"
EndProject
Project("{2150E333-8FDC-42A3-9474-1A3956D46DE8}") = "Domain", "Domain", "{615B99AE-5727-4D53-966D-5E4339BC535C}"
EndProject
Project("{2150E333-8FDC-42A3-9474-1A3956D46DE8}") = "Application", "Application", "{332EBA36-0736-43EC-9055-D2331E56F6E4}"
EndProject
Project("{2150E333-8FDC-42A3-9474-1A3956D46DE8}") = "Data", "Data", "{102DB194-29A8-4D7F-AFD9-C6A0B054CE57}"
EndProject
Project("{FAE04EC0-301F-11D3-BF4B-00C04F79EFBC}") = "Micro.RabbitMQ.Transfer.Api", "Micro.RabbitMQ.Transfer.Api\Micro.RabbitMQ.Transfer.Api.csproj", "{F51AD4C5-BEE6-488F-846F-2132F20A33FC}"
EndProject
Project("{FAE04EC0-301F-11D3-BF4B-00C04F79EFBC}") = "Micro.RabbitMQ.Transfer.Application", "Micro.RabbitMQ.Transfer.Application\Micro.RabbitMQ.Transfer.Application.csproj", "{566B7839-4B6C-4ACF-AB79-1131647DA830}"
EndProject
Project("{FAE04EC0-301F-11D3-BF4B-00C04F79EFBC}") = "Micro.RabbitMQ.Transfer.Data", "Micro.RabbitMQ.Transfer.Data\Micro.RabbitMQ.Transfer.Data.csproj", "{5C10F9FB-067D-40D0-8489-147FE9F4BC40}"
EndProject
Project("{FAE04EC0-301F-11D3-BF4B-00C04F79EFBC}") = "Micro.RabbitMQ.Transfer.Domain", "Micro.RabbitMQ.Transfer.Domain\Micro.RabbitMQ.Transfer.Domain.csproj", "{B1777CC9-39D0-42FE-83C9-5613EF2149FF}"
EndProject
Global
	GlobalSection(SolutionConfigurationPlatforms) = preSolution
		Debug|Any CPU = Debug|Any CPU
		Release|Any CPU = Release|Any CPU
	EndGlobalSection
	GlobalSection(ProjectConfigurationPlatforms) = postSolution
		{FB0A3AD2-1921-4FAE-9F5D-01069F259D83}.Debug|Any CPU.ActiveCfg = Debug|Any CPU
		{FB0A3AD2-1921-4FAE-9F5D-01069F259D83}.Debug|Any CPU.Build.0 = Debug|Any CPU
		{FB0A3AD2-1921-4FAE-9F5D-01069F259D83}.Release|Any CPU.ActiveCfg = Release|Any CPU
		{FB0A3AD2-1921-4FAE-9F5D-01069F259D83}.Release|Any CPU.Build.0 = Release|Any CPU
		{61786F2B-93B3-4589-99B6-88E46D11F39F}.Debug|Any CPU.ActiveCfg = Debug|Any CPU
		{61786F2B-93B3-4589-99B6-88E46D11F39F}.Debug|Any CPU.Build.0 = Debug|Any CPU
		{61786F2B-93B3-4589-99B6-88E46D11F39F}.Release|Any CPU.ActiveCfg = Release|Any CPU
		{61786F2B-93B3-4589-99B6-88E46D11F39F}.Release|Any CPU.Build.0 = Release|Any CPU
		{A1498E15-C556-4324-A36F-7228CA72DC53}.Debug|Any CPU.ActiveCfg = Debug|Any CPU
		{A1498E15-C556-4324-A36F-7228CA72DC53}.Debug|Any CPU.Build.0 = Debug|Any CPU
		{A1498E15-C556-4324-A36F-7228CA72DC53}.Release|Any CPU.ActiveCfg = Release|Any CPU
		{A1498E15-C556-4324-A36F-7228CA72DC53}.Release|Any CPU.Build.0 = Release|Any CPU
		{0D81CB59-647E-4805-8772-B24311BFC18C}.Debug|Any CPU.ActiveCfg = Debug|Any CPU
		{0D81CB59-647E-4805-8772-B24311BFC18C}.Debug|Any CPU.Build.0 = Debug|Any CPU
		{0D81CB59-647E-4805-8772-B24311BFC18C}.Release|Any CPU.ActiveCfg = Release|Any CPU
		{0D81CB59-647E-4805-8772-B24311BFC18C}.Release|Any CPU.Build.0 = Release|Any CPU
		{9987EAF1-EA13-4D46-8914-97606F022FF9}.Debug|Any CPU.ActiveCfg = Debug|Any CPU
		{9987EAF1-EA13-4D46-8914-97606F022FF9}.Debug|Any CPU.Build.0 = Debug|Any CPU
		{9987EAF1-EA13-4D46-8914-97606F022FF9}.Release|Any CPU.ActiveCfg = Release|Any CPU
		{9987EAF1-EA13-4D46-8914-97606F022FF9}.Release|Any CPU.Build.0 = Release|Any CPU
		{AA6830E1-A9C9-4FF2-8DA9-95B1F5E76E02}.Debug|Any CPU.ActiveCfg = Debug|Any CPU
		{AA6830E1-A9C9-4FF2-8DA9-95B1F5E76E02}.Debug|Any CPU.Build.0 = Debug|Any CPU
		{AA6830E1-A9C9-4FF2-8DA9-95B1F5E76E02}.Release|Any CPU.ActiveCfg = Release|Any CPU
		{AA6830E1-A9C9-4FF2-8DA9-95B1F5E76E02}.Release|Any CPU.Build.0 = Release|Any CPU
		{C1EB9533-D877-48FE-B74B-8A5F6AA39C27}.Debug|Any CPU.ActiveCfg = Debug|Any CPU
		{C1EB9533-D877-48FE-B74B-8A5F6AA39C27}.Debug|Any CPU.Build.0 = Debug|Any CPU
		{C1EB9533-D877-48FE-B74B-8A5F6AA39C27}.Release|Any CPU.ActiveCfg = Release|Any CPU
		{C1EB9533-D877-48FE-B74B-8A5F6AA39C27}.Release|Any CPU.Build.0 = Release|Any CPU
		{F51AD4C5-BEE6-488F-846F-2132F20A33FC}.Debug|Any CPU.ActiveCfg = Debug|Any CPU
		{F51AD4C5-BEE6-488F-846F-2132F20A33FC}.Debug|Any CPU.Build.0 = Debug|Any CPU
		{F51AD4C5-BEE6-488F-846F-2132F20A33FC}.Release|Any CPU.ActiveCfg = Release|Any CPU
		{F51AD4C5-BEE6-488F-846F-2132F20A33FC}.Release|Any CPU.Build.0 = Release|Any CPU
		{566B7839-4B6C-4ACF-AB79-1131647DA830}.Debug|Any CPU.ActiveCfg = Debug|Any CPU
		{566B7839-4B6C-4ACF-AB79-1131647DA830}.Debug|Any CPU.Build.0 = Debug|Any CPU
		{566B7839-4B6C-4ACF-AB79-1131647DA830}.Release|Any CPU.ActiveCfg = Release|Any CPU
		{566B7839-4B6C-4ACF-AB79-1131647DA830}.Release|Any CPU.Build.0 = Release|Any CPU
		{5C10F9FB-067D-40D0-8489-147FE9F4BC40}.Debug|Any CPU.ActiveCfg = Debug|Any CPU
		{5C10F9FB-067D-40D0-8489-147FE9F4BC40}.Debug|Any CPU.Build.0 = Debug|Any CPU
		{5C10F9FB-067D-40D0-8489-147FE9F4BC40}.Release|Any CPU.ActiveCfg = Release|Any CPU
		{5C10F9FB-067D-40D0-8489-147FE9F4BC40}.Release|Any CPU.Build.0 = Release|Any CPU
		{B1777CC9-39D0-42FE-83C9-5613EF2149FF}.Debug|Any CPU.ActiveCfg = Debug|Any CPU
		{B1777CC9-39D0-42FE-83C9-5613EF2149FF}.Debug|Any CPU.Build.0 = Debug|Any CPU
		{B1777CC9-39D0-42FE-83C9-5613EF2149FF}.Release|Any CPU.ActiveCfg = Release|Any CPU
		{B1777CC9-39D0-42FE-83C9-5613EF2149FF}.Release|Any CPU.Build.0 = Release|Any CPU
	EndGlobalSection
	GlobalSection(SolutionProperties) = preSolution
		HideSolutionNode = FALSE
	EndGlobalSection
	GlobalSection(NestedProjects) = preSolution
		{FB0A3AD2-1921-4FAE-9F5D-01069F259D83} = {B53DB3AD-5754-483B-8579-148A275AE84B}
		{61786F2B-93B3-4589-99B6-88E46D11F39F} = {BFBF4276-08B4-417B-99B5-F2F9841450F0}
		{A1498E15-C556-4324-A36F-7228CA72DC53} = {A28DDBB2-00B5-408B-8A39-2B872FA04ABB}
		{0D81CB59-647E-4805-8772-B24311BFC18C} = {5AF64507-2986-4306-A677-843F994E73D5}
		{9987EAF1-EA13-4D46-8914-97606F022FF9} = {2525F7F1-5B1C-4E58-B25A-FDF05AA9BB6E}
		{AA6830E1-A9C9-4FF2-8DA9-95B1F5E76E02} = {07EF7AB3-6714-41B1-84CD-FFAA2EE5A504}
		{C1EB9533-D877-48FE-B74B-8A5F6AA39C27} = {1C088972-8F91-4CD5-8FF4-4BBAF0064FC7}
		{9AB6C97C-2873-4611-AF0A-9B370E808229} = {0829DC91-F15C-469F-B1A0-19C3167B35F5}
		{B53DB3AD-5754-483B-8579-148A275AE84B} = {9AB6C97C-2873-4611-AF0A-9B370E808229}
		{5AF64507-2986-4306-A677-843F994E73D5} = {9AB6C97C-2873-4611-AF0A-9B370E808229}
		{A28DDBB2-00B5-408B-8A39-2B872FA04ABB} = {9AB6C97C-2873-4611-AF0A-9B370E808229}
		{BFBF4276-08B4-417B-99B5-F2F9841450F0} = {9AB6C97C-2873-4611-AF0A-9B370E808229}
		{D99D80F2-427F-4276-A4DC-996D1D037CAA} = {0829DC91-F15C-469F-B1A0-19C3167B35F5}
		{FC20F74B-B791-4A29-8456-6BA811BC6957} = {D99D80F2-427F-4276-A4DC-996D1D037CAA}
		{615B99AE-5727-4D53-966D-5E4339BC535C} = {D99D80F2-427F-4276-A4DC-996D1D037CAA}
		{332EBA36-0736-43EC-9055-D2331E56F6E4} = {D99D80F2-427F-4276-A4DC-996D1D037CAA}
		{102DB194-29A8-4D7F-AFD9-C6A0B054CE57} = {D99D80F2-427F-4276-A4DC-996D1D037CAA}
		{F51AD4C5-BEE6-488F-846F-2132F20A33FC} = {FC20F74B-B791-4A29-8456-6BA811BC6957}
		{566B7839-4B6C-4ACF-AB79-1131647DA830} = {332EBA36-0736-43EC-9055-D2331E56F6E4}
		{5C10F9FB-067D-40D0-8489-147FE9F4BC40} = {102DB194-29A8-4D7F-AFD9-C6A0B054CE57}
		{B1777CC9-39D0-42FE-83C9-5613EF2149FF} = {615B99AE-5727-4D53-966D-5E4339BC535C}
	EndGlobalSection
	GlobalSection(ExtensibilityGlobals) = postSolution
		SolutionGuid = {2194F4E3-E41F-4349-9C26-232EF5CAB4AA}
	EndGlobalSection
EndGlobal
